
Microsoft Visual Studio Solution File, Format Version 12.00
# Visual Studio Version 17
VisualStudioVersion = 17.0.32112.339
MinimumVisualStudioVersion = 10.0.40219.1
Project("{FAE04EC0-301F-11D3-BF4B-00C04F79EFBC}") = "DeltaType", "DeltaType\DeltaType.csproj", "{96BBA8BD-F82A-494E-A15A-174BC4944FBE}"
EndProject
Global
	GlobalSection(SolutionConfigurationPlatforms) = preSolution
		Debug|Any CPU = Debug|Any CPU
		Release|Any CPU = Release|Any CPU
	EndGlobalSection
	GlobalSection(ProjectConfigurationPlatforms) = postSolution
		{96BBA8BD-F82A-494E-A15A-174BC4944FBE}.Debug|Any CPU.ActiveCfg = Debug|Any CPU
		{96BBA8BD-F82A-494E-A15A-174BC4944FBE}.Debug|Any CPU.Build.0 = Debug|Any CPU
		{96BBA8BD-F82A-494E-A15A-174BC4944FBE}.Release|Any CPU.ActiveCfg = Release|Any CPU
		{96BBA8BD-F82A-494E-A15A-174BC4944FBE}.Release|Any CPU.Build.0 = Release|Any CPU
	EndGlobalSection
	GlobalSection(SolutionProperties) = preSolution
		HideSolutionNode = FALSE
	EndGlobalSection
	GlobalSection(ExtensibilityGlobals) = postSolution
		SolutionGuid = {BB75FB36-0E67-4ABF-A4D2-87223A3FA420}
	EndGlobalSection
EndGlobal
