
Microsoft Visual Studio Solution File, Format Version 12.00
# Visual Studio Version 17
VisualStudioVersion = 17.0.32112.339
MinimumVisualStudioVersion = 10.0.40219.1
Project("{54435603-DBB4-11D2-8724-00A0C9A8B90C}") = "Setup_Delta-Type", "Setup_Delta-Type\Setup_Delta-Type.vdproj", "{730398AD-62F2-47B1-A1A5-90266462B300}"
EndProject
Project("{9A19103F-16F7-4668-BE54-9A1E7A4F7556}") = "DeltaType", "..\DeltaType\DeltaType\DeltaType.csproj", "{99F66E19-9C0B-427C-874E-E7FBADAA10C3}"
EndProject
Global
	GlobalSection(SolutionConfigurationPlatforms) = preSolution
		Debug|Any CPU = Debug|Any CPU
		Release|Any CPU = Release|Any CPU
	EndGlobalSection
	GlobalSection(ProjectConfigurationPlatforms) = postSolution
		{730398AD-62F2-47B1-A1A5-90266462B300}.Debug|Any CPU.ActiveCfg = Debug
		{730398AD-62F2-47B1-A1A5-90266462B300}.Debug|Any CPU.Build.0 = Debug
		{730398AD-62F2-47B1-A1A5-90266462B300}.Release|Any CPU.ActiveCfg = Release
		{730398AD-62F2-47B1-A1A5-90266462B300}.Release|Any CPU.Build.0 = Release
		{99F66E19-9C0B-427C-874E-E7FBADAA10C3}.Debug|Any CPU.ActiveCfg = Debug|Any CPU
		{99F66E19-9C0B-427C-874E-E7FBADAA10C3}.Debug|Any CPU.Build.0 = Debug|Any CPU
		{99F66E19-9C0B-427C-874E-E7FBADAA10C3}.Release|Any CPU.ActiveCfg = Release|Any CPU
		{99F66E19-9C0B-427C-874E-E7FBADAA10C3}.Release|Any CPU.Build.0 = Release|Any CPU
	EndGlobalSection
	GlobalSection(SolutionProperties) = preSolution
		HideSolutionNode = FALSE
	EndGlobalSection
	GlobalSection(ExtensibilityGlobals) = postSolution
		SolutionGuid = {402A8657-A86B-4468-B3A9-626B9643934E}
	EndGlobalSection
EndGlobal
